
Microsoft Visual Studio Solution File, Format Version 12.00
# Visual Studio Version 17
VisualStudioVersion = 17.4.33110.190
MinimumVisualStudioVersion = 10.0.40219.1
Project("{9A19103F-16F7-4668-BE54-9A1E7A4F7556}") = "Prueba.WebApi", "Prueba.WebApi\Prueba.WebApi.csproj", "{0E8E580F-2D57-4106-8D8D-0FA312D9D7D8}"
EndProject
Project("{9A19103F-16F7-4668-BE54-9A1E7A4F7556}") = "Prueba.Domain", "Prueba.Domain\Prueba.Domain.csproj", "{8932440B-5388-4D6A-8363-F5CE37EE56F7}"
EndProject
Project("{9A19103F-16F7-4668-BE54-9A1E7A4F7556}") = "Prueba.Domain.Ports", "Prueba.Domain.Ports\Prueba.Domain.Ports.csproj", "{8DC6363D-B625-4C58-8AE0-BC913D6B7125}"
EndProject
Project("{9A19103F-16F7-4668-BE54-9A1E7A4F7556}") = "Prueba.Application", "Prueba.Application\Prueba.Application.csproj", "{595C7E14-65DA-4A37-BC14-05A7026508B9}"
EndProject
Project("{9A19103F-16F7-4668-BE54-9A1E7A4F7556}") = "Prueba.Adapters", "Prueba.Adapters\Prueba.Adapters.csproj", "{052B8D10-65F2-4BA7-BA8A-2D658DC1980B}"
EndProject
Project("{9A19103F-16F7-4668-BE54-9A1E7A4F7556}") = "Prueba.WebApi.Contracts", "Prueba.WebApi.Contracts\Prueba.WebApi.Contracts.csproj", "{06DFEEE5-9B15-440D-A38B-B53E89A52BF0}"
EndProject
Project("{2150E333-8FDC-42A3-9474-1A3956D46DE8}") = "src", "src", "{7DC4A0B5-F70B-4394-A88C-8ED7C0A11788}"
EndProject
Project("{2150E333-8FDC-42A3-9474-1A3956D46DE8}") = "test", "test", "{C0F10BA3-0F94-4E46-9F5C-51A34CD846F1}"
EndProject
Project("{FAE04EC0-301F-11D3-BF4B-00C04F79EFBC}") = "Prueba.UnitTest", "Prueba.UnitTest\Prueba.UnitTest.csproj", "{1D89D052-79BF-4BDE-BB69-1A8D14B64E0C}"
EndProject
Global
	GlobalSection(SolutionConfigurationPlatforms) = preSolution
		Debug|Any CPU = Debug|Any CPU
		Release|Any CPU = Release|Any CPU
	EndGlobalSection
	GlobalSection(ProjectConfigurationPlatforms) = postSolution
		{0E8E580F-2D57-4106-8D8D-0FA312D9D7D8}.Debug|Any CPU.ActiveCfg = Debug|Any CPU
		{0E8E580F-2D57-4106-8D8D-0FA312D9D7D8}.Debug|Any CPU.Build.0 = Debug|Any CPU
		{0E8E580F-2D57-4106-8D8D-0FA312D9D7D8}.Release|Any CPU.ActiveCfg = Release|Any CPU
		{0E8E580F-2D57-4106-8D8D-0FA312D9D7D8}.Release|Any CPU.Build.0 = Release|Any CPU
		{8932440B-5388-4D6A-8363-F5CE37EE56F7}.Debug|Any CPU.ActiveCfg = Debug|Any CPU
		{8932440B-5388-4D6A-8363-F5CE37EE56F7}.Debug|Any CPU.Build.0 = Debug|Any CPU
		{8932440B-5388-4D6A-8363-F5CE37EE56F7}.Release|Any CPU.ActiveCfg = Release|Any CPU
		{8932440B-5388-4D6A-8363-F5CE37EE56F7}.Release|Any CPU.Build.0 = Release|Any CPU
		{8DC6363D-B625-4C58-8AE0-BC913D6B7125}.Debug|Any CPU.ActiveCfg = Debug|Any CPU
		{8DC6363D-B625-4C58-8AE0-BC913D6B7125}.Debug|Any CPU.Build.0 = Debug|Any CPU
		{8DC6363D-B625-4C58-8AE0-BC913D6B7125}.Release|Any CPU.ActiveCfg = Release|Any CPU
		{8DC6363D-B625-4C58-8AE0-BC913D6B7125}.Release|Any CPU.Build.0 = Release|Any CPU
		{595C7E14-65DA-4A37-BC14-05A7026508B9}.Debug|Any CPU.ActiveCfg = Debug|Any CPU
		{595C7E14-65DA-4A37-BC14-05A7026508B9}.Debug|Any CPU.Build.0 = Debug|Any CPU
		{595C7E14-65DA-4A37-BC14-05A7026508B9}.Release|Any CPU.ActiveCfg = Release|Any CPU
		{595C7E14-65DA-4A37-BC14-05A7026508B9}.Release|Any CPU.Build.0 = Release|Any CPU
		{052B8D10-65F2-4BA7-BA8A-2D658DC1980B}.Debug|Any CPU.ActiveCfg = Debug|Any CPU
		{052B8D10-65F2-4BA7-BA8A-2D658DC1980B}.Debug|Any CPU.Build.0 = Debug|Any CPU
		{052B8D10-65F2-4BA7-BA8A-2D658DC1980B}.Release|Any CPU.ActiveCfg = Release|Any CPU
		{052B8D10-65F2-4BA7-BA8A-2D658DC1980B}.Release|Any CPU.Build.0 = Release|Any CPU
		{06DFEEE5-9B15-440D-A38B-B53E89A52BF0}.Debug|Any CPU.ActiveCfg = Debug|Any CPU
		{06DFEEE5-9B15-440D-A38B-B53E89A52BF0}.Debug|Any CPU.Build.0 = Debug|Any CPU
		{06DFEEE5-9B15-440D-A38B-B53E89A52BF0}.Release|Any CPU.ActiveCfg = Release|Any CPU
		{06DFEEE5-9B15-440D-A38B-B53E89A52BF0}.Release|Any CPU.Build.0 = Release|Any CPU
		{1D89D052-79BF-4BDE-BB69-1A8D14B64E0C}.Debug|Any CPU.ActiveCfg = Debug|Any CPU
		{1D89D052-79BF-4BDE-BB69-1A8D14B64E0C}.Debug|Any CPU.Build.0 = Debug|Any CPU
		{1D89D052-79BF-4BDE-BB69-1A8D14B64E0C}.Release|Any CPU.ActiveCfg = Release|Any CPU
		{1D89D052-79BF-4BDE-BB69-1A8D14B64E0C}.Release|Any CPU.Build.0 = Release|Any CPU
	EndGlobalSection
	GlobalSection(SolutionProperties) = preSolution
		HideSolutionNode = FALSE
	EndGlobalSection
	GlobalSection(NestedProjects) = preSolution
		{0E8E580F-2D57-4106-8D8D-0FA312D9D7D8} = {7DC4A0B5-F70B-4394-A88C-8ED7C0A11788}
		{8932440B-5388-4D6A-8363-F5CE37EE56F7} = {7DC4A0B5-F70B-4394-A88C-8ED7C0A11788}
		{8DC6363D-B625-4C58-8AE0-BC913D6B7125} = {7DC4A0B5-F70B-4394-A88C-8ED7C0A11788}
		{595C7E14-65DA-4A37-BC14-05A7026508B9} = {7DC4A0B5-F70B-4394-A88C-8ED7C0A11788}
		{052B8D10-65F2-4BA7-BA8A-2D658DC1980B} = {7DC4A0B5-F70B-4394-A88C-8ED7C0A11788}
		{06DFEEE5-9B15-440D-A38B-B53E89A52BF0} = {7DC4A0B5-F70B-4394-A88C-8ED7C0A11788}
		{1D89D052-79BF-4BDE-BB69-1A8D14B64E0C} = {C0F10BA3-0F94-4E46-9F5C-51A34CD846F1}
	EndGlobalSection
	GlobalSection(ExtensibilityGlobals) = postSolution
		SolutionGuid = {5BADC797-8138-4DEC-AFC8-C082D1E673AB}
	EndGlobalSection
EndGlobal
